
Microsoft Visual Studio Solution File, Format Version 12.00
# Visual Studio Version 17
VisualStudioVersion = 17.7.34031.279
MinimumVisualStudioVersion = 10.0.40219.1
Project("{FAE04EC0-301F-11D3-BF4B-00C04F79EFBC}") = "Calculator app 2.0", "Calculator app 2.0.csproj", "{D311DE47-FDAC-429E-BD89-598646D44CE1}"
EndProject
Global
	GlobalSection(SolutionConfigurationPlatforms) = preSolution
		Debug|Any CPU = Debug|Any CPU
		Release|Any CPU = Release|Any CPU
	EndGlobalSection
	GlobalSection(ProjectConfigurationPlatforms) = postSolution
		{D311DE47-FDAC-429E-BD89-598646D44CE1}.Debug|Any CPU.ActiveCfg = Debug|Any CPU
		{D311DE47-FDAC-429E-BD89-598646D44CE1}.Debug|Any CPU.Build.0 = Debug|Any CPU
		{D311DE47-FDAC-429E-BD89-598646D44CE1}.Release|Any CPU.ActiveCfg = Release|Any CPU
		{D311DE47-FDAC-429E-BD89-598646D44CE1}.Release|Any CPU.Build.0 = Release|Any CPU
	EndGlobalSection
	GlobalSection(SolutionProperties) = preSolution
		HideSolutionNode = FALSE
	EndGlobalSection
	GlobalSection(ExtensibilityGlobals) = postSolution
		SolutionGuid = {656C7B1F-EAA7-4D9E-821E-9CF6662039C5}
	EndGlobalSection
EndGlobal
